
Microsoft Visual Studio Solution File, Format Version 12.00
# Visual Studio Version 16
VisualStudioVersion = 16.0.30517.126
MinimumVisualStudioVersion = 10.0.40219.1
Project("{FAE04EC0-301F-11D3-BF4B-00C04F79EFBC}") = "Zad1", "Zad1\Zad1.csproj", "{29AD5085-D367-467A-8440-CA2B56DAB0F5}"
EndProject
Project("{2150E333-8FDC-42A3-9474-1A3956D46DE8}") = "Solution Items", "Solution Items", "{527F21EA-7952-427A-B640-09BEC4AD3AD7}"
	ProjectSection(SolutionItems) = preProject
		Zad1\RandomNumberGenerator.cs = Zad1\RandomNumberGenerator.cs
	EndProjectSection
EndProject
Project("{FAE04EC0-301F-11D3-BF4B-00C04F79EFBC}") = "UnitTest1", "UnitTest1\UnitTest1.csproj", "{361AA521-BF2A-4675-B117-360AC6411647}"
EndProject
Project("{FAE04EC0-301F-11D3-BF4B-00C04F79EFBC}") = "OkienkowaAplikacja", "OkienkowaAplikacja\OkienkowaAplikacja.csproj", "{F78D7226-F517-4F92-8FED-4D21A570C53D}"
EndProject
Global
	GlobalSection(SolutionConfigurationPlatforms) = preSolution
		Debug|Any CPU = Debug|Any CPU
		Release|Any CPU = Release|Any CPU
	EndGlobalSection
	GlobalSection(ProjectConfigurationPlatforms) = postSolution
		{29AD5085-D367-467A-8440-CA2B56DAB0F5}.Debug|Any CPU.ActiveCfg = Debug|Any CPU
		{29AD5085-D367-467A-8440-CA2B56DAB0F5}.Debug|Any CPU.Build.0 = Debug|Any CPU
		{29AD5085-D367-467A-8440-CA2B56DAB0F5}.Release|Any CPU.ActiveCfg = Release|Any CPU
		{29AD5085-D367-467A-8440-CA2B56DAB0F5}.Release|Any CPU.Build.0 = Release|Any CPU
		{361AA521-BF2A-4675-B117-360AC6411647}.Debug|Any CPU.ActiveCfg = Debug|Any CPU
		{361AA521-BF2A-4675-B117-360AC6411647}.Debug|Any CPU.Build.0 = Debug|Any CPU
		{361AA521-BF2A-4675-B117-360AC6411647}.Release|Any CPU.ActiveCfg = Release|Any CPU
		{361AA521-BF2A-4675-B117-360AC6411647}.Release|Any CPU.Build.0 = Release|Any CPU
		{F78D7226-F517-4F92-8FED-4D21A570C53D}.Debug|Any CPU.ActiveCfg = Debug|Any CPU
		{F78D7226-F517-4F92-8FED-4D21A570C53D}.Debug|Any CPU.Build.0 = Debug|Any CPU
		{F78D7226-F517-4F92-8FED-4D21A570C53D}.Release|Any CPU.ActiveCfg = Release|Any CPU
		{F78D7226-F517-4F92-8FED-4D21A570C53D}.Release|Any CPU.Build.0 = Release|Any CPU
	EndGlobalSection
	GlobalSection(SolutionProperties) = preSolution
		HideSolutionNode = FALSE
	EndGlobalSection
	GlobalSection(ExtensibilityGlobals) = postSolution
		SolutionGuid = {0BCE33EA-48C1-4AD2-93FA-97B2BFDA22A9}
	EndGlobalSection
EndGlobal
